// !$*UTF8*$!
{
	archiveVersion = 1;
	classes = {
	};
	objectVersion = 46;
	objects = {

/* Begin PBXBuildFile section */
		7D727784148F5B7D00CDAD88 /* UIKit.framework in Frameworks */ = {isa = PBXBuildFile; fileRef = 7D727783148F5B7D00CDAD88 /* UIKit.framework */; };
		7D727786148F5B7D00CDAD88 /* Foundation.framework in Frameworks */ = {isa = PBXBuildFile; fileRef = 7D727785148F5B7D00CDAD88 /* Foundation.framework */; };
		7D727788148F5B7D00CDAD88 /* CoreGraphics.framework in Frameworks */ = {isa = PBXBuildFile; fileRef = 7D727787148F5B7D00CDAD88 /* CoreGraphics.framework */; };
		7D72778E148F5B7D00CDAD88 /* InfoPlist.strings in Resources */ = {isa = PBXBuildFile; fileRef = 7D72778C148F5B7D00CDAD88 /* InfoPlist.strings */; };
		7D727790148F5B7D00CDAD88 /* main.m in Sources */ = {isa = PBXBuildFile; fileRef = 7D72778F148F5B7D00CDAD88 /* main.m */; };
		7D7277A2148F5B7D00CDAD88 /* SenTestingKit.framework in Frameworks */ = {isa = PBXBuildFile; fileRef = 7D7277A1148F5B7D00CDAD88 /* SenTestingKit.framework */; };
		7D7277A3148F5B7D00CDAD88 /* UIKit.framework in Frameworks */ = {isa = PBXBuildFile; fileRef = 7D727783148F5B7D00CDAD88 /* UIKit.framework */; };
		7D7277A4148F5B7D00CDAD88 /* Foundation.framework in Frameworks */ = {isa = PBXBuildFile; fileRef = 7D727785148F5B7D00CDAD88 /* Foundation.framework */; };
		7D7277AC148F5B7D00CDAD88 /* InfoPlist.strings in Resources */ = {isa = PBXBuildFile; fileRef = 7D7277AA148F5B7D00CDAD88 /* InfoPlist.strings */; };
		7D7277AF148F5B7D00CDAD88 /* EncodingsForUIWebViewTests.m in Sources */ = {isa = PBXBuildFile; fileRef = 7D7277AE148F5B7D00CDAD88 /* EncodingsForUIWebViewTests.m */; };
		7D7277BF148F5BA300CDAD88 /* AppDelegate.m in Sources */ = {isa = PBXBuildFile; fileRef = 7D7277B9148F5BA300CDAD88 /* AppDelegate.m */; };
		7D7277C0148F5BA300CDAD88 /* MainStoryboard.storyboard in Resources */ = {isa = PBXBuildFile; fileRef = 7D7277BA148F5BA300CDAD88 /* MainStoryboard.storyboard */; };
		7D7277C1148F5BA300CDAD88 /* ViewController.m in Sources */ = {isa = PBXBuildFile; fileRef = 7D7277BC148F5BA300CDAD88 /* ViewController.m */; };
		7D7277C2148F5BA300CDAD88 /* CustomURLProtocol.m in Sources */ = {isa = PBXBuildFile; fileRef = 7D7277BE148F5BA300CDAD88 /* CustomURLProtocol.m */; };
		7D7277C9148F5BC500CDAD88 /* UIKit.framework in Frameworks */ = {isa = PBXBuildFile; fileRef = 7D727783148F5B7D00CDAD88 /* UIKit.framework */; };
		7D7277CA148F5BC500CDAD88 /* Foundation.framework in Frameworks */ = {isa = PBXBuildFile; fileRef = 7D727785148F5B7D00CDAD88 /* Foundation.framework */; };
		7D7277CB148F5BC500CDAD88 /* CoreGraphics.framework in Frameworks */ = {isa = PBXBuildFile; fileRef = 7D727787148F5B7D00CDAD88 /* CoreGraphics.framework */; };
		7D7277D1148F5BC500CDAD88 /* InfoPlist.strings in Resources */ = {isa = PBXBuildFile; fileRef = 7D7277CF148F5BC500CDAD88 /* InfoPlist.strings */; };
		7D7277D3148F5BC500CDAD88 /* main.m in Sources */ = {isa = PBXBuildFile; fileRef = 7D7277D2148F5BC500CDAD88 /* main.m */; };
		7D7277D7148F5BC500CDAD88 /* AppDelegate.m in Sources */ = {isa = PBXBuildFile; fileRef = 7D7277D6148F5BC500CDAD88 /* AppDelegate.m */; };
		7D7277DA148F5BC500CDAD88 /* MainStoryboard.storyboard in Resources */ = {isa = PBXBuildFile; fileRef = 7D7277D8148F5BC500CDAD88 /* MainStoryboard.storyboard */; };
		7D7277DD148F5BC500CDAD88 /* ViewController.m in Sources */ = {isa = PBXBuildFile; fileRef = 7D7277DC148F5BC500CDAD88 /* ViewController.m */; };
		7D7277E4148F5BC500CDAD88 /* SenTestingKit.framework in Frameworks */ = {isa = PBXBuildFile; fileRef = 7D7277A1148F5B7D00CDAD88 /* SenTestingKit.framework */; };
		7D7277E5148F5BC500CDAD88 /* UIKit.framework in Frameworks */ = {isa = PBXBuildFile; fileRef = 7D727783148F5B7D00CDAD88 /* UIKit.framework */; };
		7D7277E6148F5BC500CDAD88 /* Foundation.framework in Frameworks */ = {isa = PBXBuildFile; fileRef = 7D727785148F5B7D00CDAD88 /* Foundation.framework */; };
		7D7277EE148F5BC500CDAD88 /* InfoPlist.strings in Resources */ = {isa = PBXBuildFile; fileRef = 7D7277EC148F5BC500CDAD88 /* InfoPlist.strings */; };
		7D7277F1148F5BC500CDAD88 /* NSURLCacheVersionTests.m in Sources */ = {isa = PBXBuildFile; fileRef = 7D7277F0148F5BC500CDAD88 /* NSURLCacheVersionTests.m */; };
		7D7277F9148F5BE500CDAD88 /* MobileCoreServices.framework in Frameworks */ = {isa = PBXBuildFile; fileRef = 7D7277F8148F5BE500CDAD88 /* MobileCoreServices.framework */; };
		7D7277FB148F5BFD00CDAD88 /* SystemConfiguration.framework in Frameworks */ = {isa = PBXBuildFile; fileRef = 7D7277FA148F5BFD00CDAD88 /* SystemConfiguration.framework */; };
		7D7277FD148F5C0400CDAD88 /* CFNetwork.framework in Frameworks */ = {isa = PBXBuildFile; fileRef = 7D7277FC148F5C0400CDAD88 /* CFNetwork.framework */; };
		7D7277FF148F5C0A00CDAD88 /* libz.dylib in Frameworks */ = {isa = PBXBuildFile; fileRef = 7D7277FE148F5C0A00CDAD88 /* libz.dylib */; };
		7DA6921D148F5E0800BE9895 /* CustomURLCache.m in Sources */ = {isa = PBXBuildFile; fileRef = 7DA6921C148F5E0800BE9895 /* CustomURLCache.m */; };
		7DA6921E148F62DC00BE9895 /* MobileCoreServices.framework in Frameworks */ = {isa = PBXBuildFile; fileRef = 7D7277F8148F5BE500CDAD88 /* MobileCoreServices.framework */; };
		7DA6921F148F62E100BE9895 /* SystemConfiguration.framework in Frameworks */ = {isa = PBXBuildFile; fileRef = 7D7277FA148F5BFD00CDAD88 /* SystemConfiguration.framework */; };
		7DA69220148F62E800BE9895 /* CFNetwork.framework in Frameworks */ = {isa = PBXBuildFile; fileRef = 7D7277FC148F5C0400CDAD88 /* CFNetwork.framework */; };
		7DA69221148F62F400BE9895 /* libz.dylib in Frameworks */ = {isa = PBXBuildFile; fileRef = 7D7277FE148F5C0A00CDAD88 /* libz.dylib */; };
		7DA69222148F63EC00BE9895 /* CustomURLCache.m in Sources */ = {isa = PBXBuildFile; fileRef = 7DA6921C148F5E0800BE9895 /* CustomURLCache.m */; };
/* End PBXBuildFile section */

/* Begin PBXContainerItemProxy section */
		7D7277A5148F5B7D00CDAD88 /* PBXContainerItemProxy */ = {
			isa = PBXContainerItemProxy;
			containerPortal = 7D727776148F5B7D00CDAD88 /* Project object */;
			proxyType = 1;
			remoteGlobalIDString = 7D72777E148F5B7D00CDAD88;
			remoteInfo = EncodingsForUIWebView;
		};
		7D7277E7148F5BC500CDAD88 /* PBXContainerItemProxy */ = {
			isa = PBXContainerItemProxy;
			containerPortal = 7D727776148F5B7D00CDAD88 /* Project object */;
			proxyType = 1;
			remoteGlobalIDString = 7D7277C6148F5BC500CDAD88;
			remoteInfo = NSURLCacheVersion;
		};
/* End PBXContainerItemProxy section */

/* Begin PBXFileReference section */
		7D72777F148F5B7D00CDAD88 /* NSURLProtocolVersion.app */ = {isa = PBXFileReference; explicitFileType = wrapper.application; includeInIndex = 0; path = NSURLProtocolVersion.app; sourceTree = BUILT_PRODUCTS_DIR; };
		7D727783148F5B7D00CDAD88 /* UIKit.framework */ = {isa = PBXFileReference; lastKnownFileType = wrapper.framework; name = UIKit.framework; path = System/Library/Frameworks/UIKit.framework; sourceTree = SDKROOT; };
		7D727785148F5B7D00CDAD88 /* Foundation.framework */ = {isa = PBXFileReference; lastKnownFileType = wrapper.framework; name = Foundation.framework; path = System/Library/Frameworks/Foundation.framework; sourceTree = SDKROOT; };
		7D727787148F5B7D00CDAD88 /* CoreGraphics.framework */ = {isa = PBXFileReference; lastKnownFileType = wrapper.framework; name = CoreGraphics.framework; path = System/Library/Frameworks/CoreGraphics.framework; sourceTree = SDKROOT; };
		7D72778B148F5B7D00CDAD88 /* EncodingsForUIWebView-Info.plist */ = {isa = PBXFileReference; lastKnownFileType = text.plist.xml; path = "EncodingsForUIWebView-Info.plist"; sourceTree = "<group>"; };
		7D72778D148F5B7D00CDAD88 /* en */ = {isa = PBXFileReference; lastKnownFileType = text.plist.strings; name = en; path = en.lproj/InfoPlist.strings; sourceTree = "<group>"; };
		7D72778F148F5B7D00CDAD88 /* main.m */ = {isa = PBXFileReference; lastKnownFileType = sourcecode.c.objc; path = main.m; sourceTree = "<group>"; };
		7D727791148F5B7D00CDAD88 /* EncodingsForUIWebView-Prefix.pch */ = {isa = PBXFileReference; lastKnownFileType = sourcecode.c.h; path = "EncodingsForUIWebView-Prefix.pch"; sourceTree = "<group>"; };
		7D7277A0148F5B7D00CDAD88 /* EncodingsForUIWebViewTests.octest */ = {isa = PBXFileReference; explicitFileType = wrapper.cfbundle; includeInIndex = 0; name = EncodingsForUIWebViewTests.octest; path = NSURLProtocolVersionTests.octest; sourceTree = BUILT_PRODUCTS_DIR; };
		7D7277A1148F5B7D00CDAD88 /* SenTestingKit.framework */ = {isa = PBXFileReference; lastKnownFileType = wrapper.framework; name = SenTestingKit.framework; path = Library/Frameworks/SenTestingKit.framework; sourceTree = DEVELOPER_DIR; };
		7D7277A9148F5B7D00CDAD88 /* EncodingsForUIWebViewTests-Info.plist */ = {isa = PBXFileReference; lastKnownFileType = text.plist.xml; path = "EncodingsForUIWebViewTests-Info.plist"; sourceTree = "<group>"; };
		7D7277AB148F5B7D00CDAD88 /* en */ = {isa = PBXFileReference; lastKnownFileType = text.plist.strings; name = en; path = en.lproj/InfoPlist.strings; sourceTree = "<group>"; };
		7D7277AD148F5B7D00CDAD88 /* EncodingsForUIWebViewTests.h */ = {isa = PBXFileReference; lastKnownFileType = sourcecode.c.h; path = EncodingsForUIWebViewTests.h; sourceTree = "<group>"; };
		7D7277AE148F5B7D00CDAD88 /* EncodingsForUIWebViewTests.m */ = {isa = PBXFileReference; lastKnownFileType = sourcecode.c.objc; path = EncodingsForUIWebViewTests.m; sourceTree = "<group>"; };
		7D7277B8148F5BA300CDAD88 /* AppDelegate.h */ = {isa = PBXFileReference; fileEncoding = 4; lastKnownFileType = sourcecode.c.h; path = AppDelegate.h; sourceTree = "<group>"; };
		7D7277B9148F5BA300CDAD88 /* AppDelegate.m */ = {isa = PBXFileReference; fileEncoding = 4; lastKnownFileType = sourcecode.c.objc; path = AppDelegate.m; sourceTree = "<group>"; };
		7D7277BA148F5BA300CDAD88 /* MainStoryboard.storyboard */ = {isa = PBXFileReference; fileEncoding = 4; lastKnownFileType = file.storyboard; path = MainStoryboard.storyboard; sourceTree = "<group>"; };
		7D7277BB148F5BA300CDAD88 /* ViewController.h */ = {isa = PBXFileReference; fileEncoding = 4; lastKnownFileType = sourcecode.c.h; path = ViewController.h; sourceTree = "<group>"; };
		7D7277BC148F5BA300CDAD88 /* ViewController.m */ = {isa = PBXFileReference; fileEncoding = 4; lastKnownFileType = sourcecode.c.objc; path = ViewController.m; sourceTree = "<group>"; };
		7D7277BD148F5BA300CDAD88 /* CustomURLProtocol.h */ = {isa = PBXFileReference; fileEncoding = 4; lastKnownFileType = sourcecode.c.h; path = CustomURLProtocol.h; sourceTree = "<group>"; };
		7D7277BE148F5BA300CDAD88 /* CustomURLProtocol.m */ = {isa = PBXFileReference; fileEncoding = 4; lastKnownFileType = sourcecode.c.objc; path = CustomURLProtocol.m; sourceTree = "<group>"; };
		7D7277C7148F5BC500CDAD88 /* NSURLCacheVersion.app */ = {isa = PBXFileReference; explicitFileType = wrapper.application; includeInIndex = 0; path = NSURLCacheVersion.app; sourceTree = BUILT_PRODUCTS_DIR; };
		7D7277CE148F5BC500CDAD88 /* NSURLCacheVersion-Info.plist */ = {isa = PBXFileReference; lastKnownFileType = text.plist.xml; path = "NSURLCacheVersion-Info.plist"; sourceTree = "<group>"; };
		7D7277D0148F5BC500CDAD88 /* en */ = {isa = PBXFileReference; lastKnownFileType = text.plist.strings; name = en; path = en.lproj/InfoPlist.strings; sourceTree = "<group>"; };
		7D7277D2148F5BC500CDAD88 /* main.m */ = {isa = PBXFileReference; lastKnownFileType = sourcecode.c.objc; path = main.m; sourceTree = "<group>"; };
		7D7277D4148F5BC500CDAD88 /* NSURLCacheVersion-Prefix.pch */ = {isa = PBXFileReference; lastKnownFileType = sourcecode.c.h; path = "NSURLCacheVersion-Prefix.pch"; sourceTree = "<group>"; };
		7D7277D5148F5BC500CDAD88 /* AppDelegate.h */ = {isa = PBXFileReference; lastKnownFileType = sourcecode.c.h; path = AppDelegate.h; sourceTree = "<group>"; };
		7D7277D6148F5BC500CDAD88 /* AppDelegate.m */ = {isa = PBXFileReference; lastKnownFileType = sourcecode.c.objc; path = AppDelegate.m; sourceTree = "<group>"; };
		7D7277D9148F5BC500CDAD88 /* en */ = {isa = PBXFileReference; lastKnownFileType = file.storyboard; name = en; path = en.lproj/MainStoryboard.storyboard; sourceTree = "<group>"; };
		7D7277DB148F5BC500CDAD88 /* ViewController.h */ = {isa = PBXFileReference; lastKnownFileType = sourcecode.c.h; path = ViewController.h; sourceTree = "<group>"; };
		7D7277DC148F5BC500CDAD88 /* ViewController.m */ = {isa = PBXFileReference; lastKnownFileType = sourcecode.c.objc; path = ViewController.m; sourceTree = "<group>"; };
		7D7277E3148F5BC500CDAD88 /* NSURLCacheVersionTests.octest */ = {isa = PBXFileReference; explicitFileType = wrapper.cfbundle; includeInIndex = 0; path = NSURLCacheVersionTests.octest; sourceTree = BUILT_PRODUCTS_DIR; };
		7D7277EB148F5BC500CDAD88 /* NSURLCacheVersionTests-Info.plist */ = {isa = PBXFileReference; lastKnownFileType = text.plist.xml; path = "NSURLCacheVersionTests-Info.plist"; sourceTree = "<group>"; };
		7D7277ED148F5BC500CDAD88 /* en */ = {isa = PBXFileReference; lastKnownFileType = text.plist.strings; name = en; path = en.lproj/InfoPlist.strings; sourceTree = "<group>"; };
		7D7277EF148F5BC500CDAD88 /* NSURLCacheVersionTests.h */ = {isa = PBXFileReference; lastKnownFileType = sourcecode.c.h; path = NSURLCacheVersionTests.h; sourceTree = "<group>"; };
		7D7277F0148F5BC500CDAD88 /* NSURLCacheVersionTests.m */ = {isa = PBXFileReference; lastKnownFileType = sourcecode.c.objc; path = NSURLCacheVersionTests.m; sourceTree = "<group>"; };
		7D7277F8148F5BE500CDAD88 /* MobileCoreServices.framework */ = {isa = PBXFileReference; lastKnownFileType = wrapper.framework; name = MobileCoreServices.framework; path = System/Library/Frameworks/MobileCoreServices.framework; sourceTree = SDKROOT; };
		7D7277FA148F5BFD00CDAD88 /* SystemConfiguration.framework */ = {isa = PBXFileReference; lastKnownFileType = wrapper.framework; name = SystemConfiguration.framework; path = System/Library/Frameworks/SystemConfiguration.framework; sourceTree = SDKROOT; };
		7D7277FC148F5C0400CDAD88 /* CFNetwork.framework */ = {isa = PBXFileReference; lastKnownFileType = wrapper.framework; name = CFNetwork.framework; path = System/Library/Frameworks/CFNetwork.framework; sourceTree = SDKROOT; };
		7D7277FE148F5C0A00CDAD88 /* libz.dylib */ = {isa = PBXFileReference; lastKnownFileType = "compiled.mach-o.dylib"; name = libz.dylib; path = usr/lib/libz.dylib; sourceTree = SDKROOT; };
		7DA6921B148F5E0800BE9895 /* CustomURLCache.h */ = {isa = PBXFileReference; fileEncoding = 4; lastKnownFileType = sourcecode.c.h; path = CustomURLCache.h; sourceTree = "<group>"; };
		7DA6921C148F5E0800BE9895 /* CustomURLCache.m */ = {isa = PBXFileReference; fileEncoding = 4; lastKnownFileType = sourcecode.c.objc; path = CustomURLCache.m; sourceTree = "<group>"; };
/* End PBXFileReference section */

/* Begin PBXFrameworksBuildPhase section */
		7D72777C148F5B7D00CDAD88 /* Frameworks */ = {
			isa = PBXFrameworksBuildPhase;
			buildActionMask = 2147483647;
			files = (
				7D7277FF148F5C0A00CDAD88 /* libz.dylib in Frameworks */,
				7D7277FD148F5C0400CDAD88 /* CFNetwork.framework in Frameworks */,
				7D7277FB148F5BFD00CDAD88 /* SystemConfiguration.framework in Frameworks */,
				7D7277F9148F5BE500CDAD88 /* MobileCoreServices.framework in Frameworks */,
				7D727784148F5B7D00CDAD88 /* UIKit.framework in Frameworks */,
				7D727786148F5B7D00CDAD88 /* Foundation.framework in Frameworks */,
				7D727788148F5B7D00CDAD88 /* CoreGraphics.framework in Frameworks */,
			);
			runOnlyForDeploymentPostprocessing = 0;
		};
		7D72779C148F5B7D00CDAD88 /* Frameworks */ = {
			isa = PBXFrameworksBuildPhase;
			buildActionMask = 2147483647;
			files = (
				7D7277A2148F5B7D00CDAD88 /* SenTestingKit.framework in Frameworks */,
				7D7277A3148F5B7D00CDAD88 /* UIKit.framework in Frameworks */,
				7D7277A4148F5B7D00CDAD88 /* Foundation.framework in Frameworks */,
			);
			runOnlyForDeploymentPostprocessing = 0;
		};
		7D7277C4148F5BC500CDAD88 /* Frameworks */ = {
			isa = PBXFrameworksBuildPhase;
			buildActionMask = 2147483647;
			files = (
				7DA69221148F62F400BE9895 /* libz.dylib in Frameworks */,
				7DA69220148F62E800BE9895 /* CFNetwork.framework in Frameworks */,
				7DA6921F148F62E100BE9895 /* SystemConfiguration.framework in Frameworks */,
				7DA6921E148F62DC00BE9895 /* MobileCoreServices.framework in Frameworks */,
				7D7277C9148F5BC500CDAD88 /* UIKit.framework in Frameworks */,
				7D7277CA148F5BC500CDAD88 /* Foundation.framework in Frameworks */,
				7D7277CB148F5BC500CDAD88 /* CoreGraphics.framework in Frameworks */,
			);
			runOnlyForDeploymentPostprocessing = 0;
		};
		7D7277DF148F5BC500CDAD88 /* Frameworks */ = {
			isa = PBXFrameworksBuildPhase;
			buildActionMask = 2147483647;
			files = (
				7D7277E4148F5BC500CDAD88 /* SenTestingKit.framework in Frameworks */,
				7D7277E5148F5BC500CDAD88 /* UIKit.framework in Frameworks */,
				7D7277E6148F5BC500CDAD88 /* Foundation.framework in Frameworks */,
			);
			runOnlyForDeploymentPostprocessing = 0;
		};
/* End PBXFrameworksBuildPhase section */

/* Begin PBXGroup section */
		7D727774148F5B7D00CDAD88 = {
			isa = PBXGroup;
			children = (
				7D7277CC148F5BC500CDAD88 /* NSURLCacheVersion */,
				7D7277E9148F5BC500CDAD88 /* NSURLCacheVersionTests */,
				7D727789148F5B7D00CDAD88 /* NSURLProtocolVersion */,
				7D7277A7148F5B7D00CDAD88 /* NSURLProtocolVersionTests */,
				7D727782148F5B7D00CDAD88 /* Frameworks */,
				7D727780148F5B7D00CDAD88 /* Products */,
			);
			sourceTree = "<group>";
		};
		7D727780148F5B7D00CDAD88 /* Products */ = {
			isa = PBXGroup;
			children = (
				7D72777F148F5B7D00CDAD88 /* NSURLProtocolVersion.app */,
				7D7277A0148F5B7D00CDAD88 /* EncodingsForUIWebViewTests.octest */,
				7D7277C7148F5BC500CDAD88 /* NSURLCacheVersion.app */,
				7D7277E3148F5BC500CDAD88 /* NSURLCacheVersionTests.octest */,
			);
			name = Products;
			sourceTree = "<group>";
		};
		7D727782148F5B7D00CDAD88 /* Frameworks */ = {
			isa = PBXGroup;
			children = (
				7D727800148F5C1600CDAD88 /* ASIHTTPRequest */,
				7D7277FE148F5C0A00CDAD88 /* libz.dylib */,
				7D7277FC148F5C0400CDAD88 /* CFNetwork.framework */,
				7D7277FA148F5BFD00CDAD88 /* SystemConfiguration.framework */,
				7D7277F8148F5BE500CDAD88 /* MobileCoreServices.framework */,
				7D727783148F5B7D00CDAD88 /* UIKit.framework */,
				7D727785148F5B7D00CDAD88 /* Foundation.framework */,
				7D727787148F5B7D00CDAD88 /* CoreGraphics.framework */,
				7D7277A1148F5B7D00CDAD88 /* SenTestingKit.framework */,
			);
			name = Frameworks;
			sourceTree = "<group>";
		};
		7D727789148F5B7D00CDAD88 /* NSURLProtocolVersion */ = {
			isa = PBXGroup;
			children = (
				7D7277B8148F5BA300CDAD88 /* AppDelegate.h */,
				7D7277B9148F5BA300CDAD88 /* AppDelegate.m */,
				7D7277BA148F5BA300CDAD88 /* MainStoryboard.storyboard */,
				7D7277BB148F5BA300CDAD88 /* ViewController.h */,
				7D7277BC148F5BA300CDAD88 /* ViewController.m */,
				7D7277BD148F5BA300CDAD88 /* CustomURLProtocol.h */,
				7D7277BE148F5BA300CDAD88 /* CustomURLProtocol.m */,
				7D72778A148F5B7D00CDAD88 /* Supporting Files */,
			);
			name = NSURLProtocolVersion;
			path = EncodingsForUIWebView;
			sourceTree = "<group>";
		};
		7D72778A148F5B7D00CDAD88 /* Supporting Files */ = {
			isa = PBXGroup;
			children = (
				7D72778B148F5B7D00CDAD88 /* EncodingsForUIWebView-Info.plist */,
				7D72778C148F5B7D00CDAD88 /* InfoPlist.strings */,
				7D72778F148F5B7D00CDAD88 /* main.m */,
				7D727791148F5B7D00CDAD88 /* EncodingsForUIWebView-Prefix.pch */,
			);
			name = "Supporting Files";
			sourceTree = "<group>";
		};
		7D7277A7148F5B7D00CDAD88 /* NSURLProtocolVersionTests */ = {
			isa = PBXGroup;
			children = (
				7D7277AD148F5B7D00CDAD88 /* EncodingsForUIWebViewTests.h */,
				7D7277AE148F5B7D00CDAD88 /* EncodingsForUIWebViewTests.m */,
				7D7277A8148F5B7D00CDAD88 /* Supporting Files */,
			);
			name = NSURLProtocolVersionTests;
			path = EncodingsForUIWebViewTests;
			sourceTree = "<group>";
		};
		7D7277A8148F5B7D00CDAD88 /* Supporting Files */ = {
			isa = PBXGroup;
			children = (
				7D7277A9148F5B7D00CDAD88 /* EncodingsForUIWebViewTests-Info.plist */,
				7D7277AA148F5B7D00CDAD88 /* InfoPlist.strings */,
			);
			name = "Supporting Files";
			sourceTree = "<group>";
		};
		7D7277CC148F5BC500CDAD88 /* NSURLCacheVersion */ = {
			isa = PBXGroup;
			children = (
				7D7277D5148F5BC500CDAD88 /* AppDelegate.h */,
				7D7277D6148F5BC500CDAD88 /* AppDelegate.m */,
				7D7277D8148F5BC500CDAD88 /* MainStoryboard.storyboard */,
				7D7277DB148F5BC500CDAD88 /* ViewController.h */,
				7D7277DC148F5BC500CDAD88 /* ViewController.m */,
				7DA6921B148F5E0800BE9895 /* CustomURLCache.h */,
				7DA6921C148F5E0800BE9895 /* CustomURLCache.m */,
				7D7277CD148F5BC500CDAD88 /* Supporting Files */,
			);
			path = NSURLCacheVersion;
			sourceTree = "<group>";
		};
		7D7277CD148F5BC500CDAD88 /* Supporting Files */ = {
			isa = PBXGroup;
			children = (
				7D7277CE148F5BC500CDAD88 /* NSURLCacheVersion-Info.plist */,
				7D7277CF148F5BC500CDAD88 /* InfoPlist.strings */,
				7D7277D2148F5BC500CDAD88 /* main.m */,
				7D7277D4148F5BC500CDAD88 /* NSURLCacheVersion-Prefix.pch */,
			);
			name = "Supporting Files";
			sourceTree = "<group>";
		};
		7D7277E9148F5BC500CDAD88 /* NSURLCacheVersionTests */ = {
			isa = PBXGroup;
			children = (
				7D7277EF148F5BC500CDAD88 /* NSURLCacheVersionTests.h */,
				7D7277F0148F5BC500CDAD88 /* NSURLCacheVersionTests.m */,
				7D7277EA148F5BC500CDAD88 /* Supporting Files */,
			);
			path = NSURLCacheVersionTests;
			sourceTree = "<group>";
		};
		7D7277EA148F5BC500CDAD88 /* Supporting Files */ = {
			isa = PBXGroup;
			children = (
				7D7277EB148F5BC500CDAD88 /* NSURLCacheVersionTests-Info.plist */,
				7D7277EC148F5BC500CDAD88 /* InfoPlist.strings */,
			);
			name = "Supporting Files";
			sourceTree = "<group>";
		};
		7D727800148F5C1600CDAD88 /* ASIHTTPRequest */ = {
			isa = PBXGroup;
			children = (
			);
			name = ASIHTTPRequest;
			sourceTree = "<group>";
		};
/* End PBXGroup section */

/* Begin PBXNativeTarget section */
		7D72777E148F5B7D00CDAD88 /* NSURLProtocolVersion */ = {
			isa = PBXNativeTarget;
			buildConfigurationList = 7D7277B2148F5B7D00CDAD88 /* Build configuration list for PBXNativeTarget "NSURLProtocolVersion" */;
			buildPhases = (
				7D72777B148F5B7D00CDAD88 /* Sources */,
				7D72777C148F5B7D00CDAD88 /* Frameworks */,
				7D72777D148F5B7D00CDAD88 /* Resources */,
			);
			buildRules = (
			);
			dependencies = (
			);
			name = NSURLProtocolVersion;
			productName = EncodingsForUIWebView;
			productReference = 7D72777F148F5B7D00CDAD88 /* NSURLProtocolVersion.app */;
			productType = "com.apple.product-type.application";
		};
		7D72779F148F5B7D00CDAD88 /* NSURLProtocolVersionTests */ = {
			isa = PBXNativeTarget;
			buildConfigurationList = 7D7277B5148F5B7D00CDAD88 /* Build configuration list for PBXNativeTarget "NSURLProtocolVersionTests" */;
			buildPhases = (
				7D72779B148F5B7D00CDAD88 /* Sources */,
				7D72779C148F5B7D00CDAD88 /* Frameworks */,
				7D72779D148F5B7D00CDAD88 /* Resources */,
				7D72779E148F5B7D00CDAD88 /* ShellScript */,
			);
			buildRules = (
			);
			dependencies = (
				7D7277A6148F5B7D00CDAD88 /* PBXTargetDependency */,
			);
			name = NSURLProtocolVersionTests;
			productName = EncodingsForUIWebViewTests;
			productReference = 7D7277A0148F5B7D00CDAD88 /* EncodingsForUIWebViewTests.octest */;
			productType = "com.apple.product-type.bundle";
		};
		7D7277C6148F5BC500CDAD88 /* NSURLCacheVersion */ = {
			isa = PBXNativeTarget;
			buildConfigurationList = 7D7277F2148F5BC500CDAD88 /* Build configuration list for PBXNativeTarget "NSURLCacheVersion" */;
			buildPhases = (
				7D7277C3148F5BC500CDAD88 /* Sources */,
				7D7277C4148F5BC500CDAD88 /* Frameworks */,
				7D7277C5148F5BC500CDAD88 /* Resources */,
			);
			buildRules = (
			);
			dependencies = (
			);
			name = NSURLCacheVersion;
			productName = NSURLCacheVersion;
			productReference = 7D7277C7148F5BC500CDAD88 /* NSURLCacheVersion.app */;
			productType = "com.apple.product-type.application";
		};
		7D7277E2148F5BC500CDAD88 /* NSURLCacheVersionTests */ = {
			isa = PBXNativeTarget;
			buildConfigurationList = 7D7277F5148F5BC500CDAD88 /* Build configuration list for PBXNativeTarget "NSURLCacheVersionTests" */;
			buildPhases = (
				7D7277DE148F5BC500CDAD88 /* Sources */,
				7D7277DF148F5BC500CDAD88 /* Frameworks */,
				7D7277E0148F5BC500CDAD88 /* Resources */,
				7D7277E1148F5BC500CDAD88 /* ShellScript */,
			);
			buildRules = (
			);
			dependencies = (
				7D7277E8148F5BC500CDAD88 /* PBXTargetDependency */,
			);
			name = NSURLCacheVersionTests;
			productName = NSURLCacheVersionTests;
			productReference = 7D7277E3148F5BC500CDAD88 /* NSURLCacheVersionTests.octest */;
			productType = "com.apple.product-type.bundle";
		};
/* End PBXNativeTarget section */

/* Begin PBXProject section */
		7D727776148F5B7D00CDAD88 /* Project object */ = {
			isa = PBXProject;
			attributes = {
				LastUpgradeCheck = 0420;
				ORGANIZATIONNAME = "Masaru Sakai";
			};
			buildConfigurationList = 7D727779148F5B7D00CDAD88 /* Build configuration list for PBXProject "EncodingsForUIWebView" */;
			compatibilityVersion = "Xcode 3.2";
			developmentRegion = English;
			hasScannedForEncodings = 0;
			knownRegions = (
				en,
			);
			mainGroup = 7D727774148F5B7D00CDAD88;
			productRefGroup = 7D727780148F5B7D00CDAD88 /* Products */;
			projectDirPath = "";
			projectRoot = "";
			targets = (
				7D7277C6148F5BC500CDAD88 /* NSURLCacheVersion */,
				7D7277E2148F5BC500CDAD88 /* NSURLCacheVersionTests */,
				7D72777E148F5B7D00CDAD88 /* NSURLProtocolVersion */,
				7D72779F148F5B7D00CDAD88 /* NSURLProtocolVersionTests */,
			);
		};
/* End PBXProject section */

/* Begin PBXResourcesBuildPhase section */
		7D72777D148F5B7D00CDAD88 /* Resources */ = {
			isa = PBXResourcesBuildPhase;
			buildActionMask = 2147483647;
			files = (
				7D72778E148F5B7D00CDAD88 /* InfoPlist.strings in Resources */,
				7D7277C0148F5BA300CDAD88 /* MainStoryboard.storyboard in Resources */,
			);
			runOnlyForDeploymentPostprocessing = 0;
		};
		7D72779D148F5B7D00CDAD88 /* Resources */ = {
			isa = PBXResourcesBuildPhase;
			buildActionMask = 2147483647;
			files = (
				7D7277AC148F5B7D00CDAD88 /* InfoPlist.strings in Resources */,
			);
			runOnlyForDeploymentPostprocessing = 0;
		};
		7D7277C5148F5BC500CDAD88 /* Resources */ = {
			isa = PBXResourcesBuildPhase;
			buildActionMask = 2147483647;
			files = (
				7D7277D1148F5BC500CDAD88 /* InfoPlist.strings in Resources */,
				7D7277DA148F5BC500CDAD88 /* MainStoryboard.storyboard in Resources */,
			);
			runOnlyForDeploymentPostprocessing = 0;
		};
		7D7277E0148F5BC500CDAD88 /* Resources */ = {
			isa = PBXResourcesBuildPhase;
			buildActionMask = 2147483647;
			files = (
				7D7277EE148F5BC500CDAD88 /* InfoPlist.strings in Resources */,
			);
			runOnlyForDeploymentPostprocessing = 0;
		};
/* End PBXResourcesBuildPhase section */

/* Begin PBXShellScriptBuildPhase section */
		7D72779E148F5B7D00CDAD88 /* ShellScript */ = {
			isa = PBXShellScriptBuildPhase;
			buildActionMask = 2147483647;
			files = (
			);
			inputPaths = (
			);
			outputPaths = (
			);
			runOnlyForDeploymentPostprocessing = 0;
			shellPath = /bin/sh;
			shellScript = "# Run the unit tests in this test bundle.\n\"${SYSTEM_DEVELOPER_DIR}/Tools/RunUnitTests\"\n";
		};
		7D7277E1148F5BC500CDAD88 /* ShellScript */ = {
			isa = PBXShellScriptBuildPhase;
			buildActionMask = 2147483647;
			files = (
			);
			inputPaths = (
			);
			outputPaths = (
			);
			runOnlyForDeploymentPostprocessing = 0;
			shellPath = /bin/sh;
			shellScript = "# Run the unit tests in this test bundle.\n\"${SYSTEM_DEVELOPER_DIR}/Tools/RunUnitTests\"\n";
		};
/* End PBXShellScriptBuildPhase section */

/* Begin PBXSourcesBuildPhase section */
		7D72777B148F5B7D00CDAD88 /* Sources */ = {
			isa = PBXSourcesBuildPhase;
			buildActionMask = 2147483647;
			files = (
				7D727790148F5B7D00CDAD88 /* main.m in Sources */,
				7D7277BF148F5BA300CDAD88 /* AppDelegate.m in Sources */,
				7D7277C1148F5BA300CDAD88 /* ViewController.m in Sources */,
				7D7277C2148F5BA300CDAD88 /* CustomURLProtocol.m in Sources */,
				7DA6921D148F5E0800BE9895 /* CustomURLCache.m in Sources */,
			);
			runOnlyForDeploymentPostprocessing = 0;
		};
		7D72779B148F5B7D00CDAD88 /* Sources */ = {
			isa = PBXSourcesBuildPhase;
			buildActionMask = 2147483647;
			files = (
				7D7277AF148F5B7D00CDAD88 /* EncodingsForUIWebViewTests.m in Sources */,
			);
			runOnlyForDeploymentPostprocessing = 0;
		};
		7D7277C3148F5BC500CDAD88 /* Sources */ = {
			isa = PBXSourcesBuildPhase;
			buildActionMask = 2147483647;
			files = (
				7D7277D3148F5BC500CDAD88 /* main.m in Sources */,
				7D7277D7148F5BC500CDAD88 /* AppDelegate.m in Sources */,
				7D7277DD148F5BC500CDAD88 /* ViewController.m in Sources */,
				7DA69222148F63EC00BE9895 /* CustomURLCache.m in Sources */,
			);
			runOnlyForDeploymentPostprocessing = 0;
		};
		7D7277DE148F5BC500CDAD88 /* Sources */ = {
			isa = PBXSourcesBuildPhase;
			buildActionMask = 2147483647;
			files = (
				7D7277F1148F5BC500CDAD88 /* NSURLCacheVersionTests.m in Sources */,
			);
			runOnlyForDeploymentPostprocessing = 0;
		};
/* End PBXSourcesBuildPhase section */

/* Begin PBXTargetDependency section */
		7D7277A6148F5B7D00CDAD88 /* PBXTargetDependency */ = {
			isa = PBXTargetDependency;
			target = 7D72777E148F5B7D00CDAD88 /* NSURLProtocolVersion */;
			targetProxy = 7D7277A5148F5B7D00CDAD88 /* PBXContainerItemProxy */;
		};
		7D7277E8148F5BC500CDAD88 /* PBXTargetDependency */ = {
			isa = PBXTargetDependency;
			target = 7D7277C6148F5BC500CDAD88 /* NSURLCacheVersion */;
			targetProxy = 7D7277E7148F5BC500CDAD88 /* PBXContainerItemProxy */;
		};
/* End PBXTargetDependency section */

/* Begin PBXVariantGroup section */
		7D72778C148F5B7D00CDAD88 /* InfoPlist.strings */ = {
			isa = PBXVariantGroup;
			children = (
				7D72778D148F5B7D00CDAD88 /* en */,
			);
			name = InfoPlist.strings;
			sourceTree = "<group>";
		};
		7D7277AA148F5B7D00CDAD88 /* InfoPlist.strings */ = {
			isa = PBXVariantGroup;
			children = (
				7D7277AB148F5B7D00CDAD88 /* en */,
			);
			name = InfoPlist.strings;
			sourceTree = "<group>";
		};
		7D7277CF148F5BC500CDAD88 /* InfoPlist.strings */ = {
			isa = PBXVariantGroup;
			children = (
				7D7277D0148F5BC500CDAD88 /* en */,
			);
			name = InfoPlist.strings;
			sourceTree = "<group>";
		};
		7D7277D8148F5BC500CDAD88 /* MainStoryboard.storyboard */ = {
			isa = PBXVariantGroup;
			children = (
				7D7277D9148F5BC500CDAD88 /* en */,
			);
			name = MainStoryboard.storyboard;
			sourceTree = "<group>";
		};
		7D7277EC148F5BC500CDAD88 /* InfoPlist.strings */ = {
			isa = PBXVariantGroup;
			children = (
				7D7277ED148F5BC500CDAD88 /* en */,
			);
			name = InfoPlist.strings;
			sourceTree = "<group>";
		};
/* End PBXVariantGroup section */

/* Begin XCBuildConfiguration section */
		7D7277B0148F5B7D00CDAD88 /* Debug */ = {
			isa = XCBuildConfiguration;
			buildSettings = {
				ALWAYS_SEARCH_USER_PATHS = NO;
				ARCHS = "$(ARCHS_STANDARD_32_BIT)";
				CLANG_ENABLE_OBJC_ARC = YES;
				"CODE_SIGN_IDENTITY[sdk=iphoneos*]" = "iPhone Developer";
				COPY_PHASE_STRIP = NO;
				GCC_C_LANGUAGE_STANDARD = gnu99;
				GCC_DYNAMIC_NO_PIC = NO;
				GCC_OPTIMIZATION_LEVEL = 0;
				GCC_PREPROCESSOR_DEFINITIONS = (
					"DEBUG=1",
					"$(inherited)",
				);
				GCC_SYMBOLS_PRIVATE_EXTERN = NO;
				GCC_VERSION = com.apple.compilers.llvm.clang.1_0;
				GCC_WARN_ABOUT_MISSING_PROTOTYPES = YES;
				GCC_WARN_ABOUT_RETURN_TYPE = YES;
				GCC_WARN_UNUSED_VARIABLE = YES;
				IPHONEOS_DEPLOYMENT_TARGET = 5.0;
				SDKROOT = iphoneos;
			};
			name = Debug;
		};
		7D7277B1148F5B7D00CDAD88 /* Release */ = {
			isa = XCBuildConfiguration;
			buildSettings = {
				ALWAYS_SEARCH_USER_PATHS = NO;
				ARCHS = "$(ARCHS_STANDARD_32_BIT)";
				CLANG_ENABLE_OBJC_ARC = YES;
				"CODE_SIGN_IDENTITY[sdk=iphoneos*]" = "iPhone Developer";
				COPY_PHASE_STRIP = YES;
				GCC_C_LANGUAGE_STANDARD = gnu99;
				GCC_VERSION = com.apple.compilers.llvm.clang.1_0;
				GCC_WARN_ABOUT_MISSING_PROTOTYPES = YES;
				GCC_WARN_ABOUT_RETURN_TYPE = YES;
				GCC_WARN_UNUSED_VARIABLE = YES;
				IPHONEOS_DEPLOYMENT_TARGET = 5.0;
				OTHER_CFLAGS = "-DNS_BLOCK_ASSERTIONS=1";
				SDKROOT = iphoneos;
				VALIDATE_PRODUCT = YES;
			};
			name = Release;
		};
		7D7277B3148F5B7D00CDAD88 /* Debug */ = {
			isa = XCBuildConfiguration;
			buildSettings = {
				GCC_PRECOMPILE_PREFIX_HEADER = YES;
				GCC_PREFIX_HEADER = "EncodingsForUIWebView/EncodingsForUIWebView-Prefix.pch";
				INFOPLIST_FILE = "EncodingsForUIWebView/EncodingsForUIWebView-Info.plist";
				PRODUCT_NAME = "$(TARGET_NAME)";
				WRAPPER_EXTENSION = app;
			};
			name = Debug;
		};
		7D7277B4148F5B7D00CDAD88 /* Release */ = {
			isa = XCBuildConfiguration;
			buildSettings = {
				GCC_PRECOMPILE_PREFIX_HEADER = YES;
				GCC_PREFIX_HEADER = "EncodingsForUIWebView/EncodingsForUIWebView-Prefix.pch";
				INFOPLIST_FILE = "EncodingsForUIWebView/EncodingsForUIWebView-Info.plist";
				PRODUCT_NAME = "$(TARGET_NAME)";
				WRAPPER_EXTENSION = app;
			};
			name = Release;
		};
		7D7277B6148F5B7D00CDAD88 /* Debug */ = {
			isa = XCBuildConfiguration;
			buildSettings = {
				BUNDLE_LOADER = "$(BUILT_PRODUCTS_DIR)/EncodingsForUIWebView.app/EncodingsForUIWebView";
				FRAMEWORK_SEARCH_PATHS = (
					"$(SDKROOT)/Developer/Library/Frameworks",
					"$(DEVELOPER_LIBRARY_DIR)/Frameworks",
				);
				GCC_PRECOMPILE_PREFIX_HEADER = YES;
				GCC_PREFIX_HEADER = "EncodingsForUIWebView/EncodingsForUIWebView-Prefix.pch";
				INFOPLIST_FILE = "EncodingsForUIWebViewTests/EncodingsForUIWebViewTests-Info.plist";
				PRODUCT_NAME = "$(TARGET_NAME)";
				TEST_HOST = "$(BUNDLE_LOADER)";
				WRAPPER_EXTENSION = octest;
			};
			name = Debug;
		};
		7D7277B7148F5B7D00CDAD88 /* Release */ = {
			isa = XCBuildConfiguration;
			buildSettings = {
				BUNDLE_LOADER = "$(BUILT_PRODUCTS_DIR)/EncodingsForUIWebView.app/EncodingsForUIWebView";
				FRAMEWORK_SEARCH_PATHS = (
					"$(SDKROOT)/Developer/Library/Frameworks",
					"$(DEVELOPER_LIBRARY_DIR)/Frameworks",
				);
				GCC_PRECOMPILE_PREFIX_HEADER = YES;
				GCC_PREFIX_HEADER = "EncodingsForUIWebView/EncodingsForUIWebView-Prefix.pch";
				INFOPLIST_FILE = "EncodingsForUIWebViewTests/EncodingsForUIWebViewTests-Info.plist";
				PRODUCT_NAME = "$(TARGET_NAME)";
				TEST_HOST = "$(BUNDLE_LOADER)";
				WRAPPER_EXTENSION = octest;
			};
			name = Release;
		};
		7D7277F3148F5BC500CDAD88 /* Debug */ = {
			isa = XCBuildConfiguration;
			buildSettings = {
				"CODE_SIGN_IDENTITY[sdk=iphoneos*]" = "iPhone Developer";
				GCC_PRECOMPILE_PREFIX_HEADER = YES;
				GCC_PREFIX_HEADER = "NSURLCacheVersion/NSURLCacheVersion-Prefix.pch";
				INFOPLIST_FILE = "NSURLCacheVersion/NSURLCacheVersion-Info.plist";
				PRODUCT_NAME = "$(TARGET_NAME)";
				WRAPPER_EXTENSION = app;
			};
			name = Debug;
		};
		7D7277F4148F5BC500CDAD88 /* Release */ = {
			isa = XCBuildConfiguration;
			buildSettings = {
				"CODE_SIGN_IDENTITY[sdk=iphoneos*]" = "iPhone Developer";
				GCC_PRECOMPILE_PREFIX_HEADER = YES;
				GCC_PREFIX_HEADER = "NSURLCacheVersion/NSURLCacheVersion-Prefix.pch";
				INFOPLIST_FILE = "NSURLCacheVersion/NSURLCacheVersion-Info.plist";
				PRODUCT_NAME = "$(TARGET_NAME)";
				WRAPPER_EXTENSION = app;
			};
			name = Release;
		};
		7D7277F6148F5BC500CDAD88 /* Debug */ = {
			isa = XCBuildConfiguration;
			buildSettings = {
				BUNDLE_LOADER = "$(BUILT_PRODUCTS_DIR)/NSURLCacheVersion.app/NSURLCacheVersion";
				FRAMEWORK_SEARCH_PATHS = (
					"$(SDKROOT)/Developer/Library/Frameworks",
					"$(DEVELOPER_LIBRARY_DIR)/Frameworks",
				);
				GCC_PRECOMPILE_PREFIX_HEADER = YES;
				GCC_PREFIX_HEADER = "NSURLCacheVersion/NSURLCacheVersion-Prefix.pch";
				INFOPLIST_FILE = "NSURLCacheVersionTests/NSURLCacheVersionTests-Info.plist";
				PRODUCT_NAME = "$(TARGET_NAME)";
				TEST_HOST = "$(BUNDLE_LOADER)";
				WRAPPER_EXTENSION = octest;
			};
			name = Debug;
		};
		7D7277F7148F5BC500CDAD88 /* Release */ = {
			isa = XCBuildConfiguration;
			buildSettings = {
				BUNDLE_LOADER = "$(BUILT_PRODUCTS_DIR)/NSURLCacheVersion.app/NSURLCacheVersion";
				FRAMEWORK_SEARCH_PATHS = (
					"$(SDKROOT)/Developer/Library/Frameworks",
					"$(DEVELOPER_LIBRARY_DIR)/Frameworks",
				);
				GCC_PRECOMPILE_PREFIX_HEADER = YES;
				GCC_PREFIX_HEADER = "NSURLCacheVersion/NSURLCacheVersion-Prefix.pch";
				INFOPLIST_FILE = "NSURLCacheVersionTests/NSURLCacheVersionTests-Info.plist";
				PRODUCT_NAME = "$(TARGET_NAME)";
				TEST_HOST = "$(BUNDLE_LOADER)";
				WRAPPER_EXTENSION = octest;
			};
			name = Release;
		};
/* End XCBuildConfiguration section */

/* Begin XCConfigurationList section */
		7D727779148F5B7D00CDAD88 /* Build configuration list for PBXProject "EncodingsForUIWebView" */ = {
			isa = XCConfigurationList;
			buildConfigurations = (
				7D7277B0148F5B7D00CDAD88 /* Debug */,
				7D7277B1148F5B7D00CDAD88 /* Release */,
			);
			defaultConfigurationIsVisible = 0;
			defaultConfigurationName = Release;
		};
		7D7277B2148F5B7D00CDAD88 /* Build configuration list for PBXNativeTarget "NSURLProtocolVersion" */ = {
			isa = XCConfigurationList;
			buildConfigurations = (
				7D7277B3148F5B7D00CDAD88 /* Debug */,
				7D7277B4148F5B7D00CDAD88 /* Release */,
			);
			defaultConfigurationIsVisible = 0;
			defaultConfigurationName = Release;
		};
		7D7277B5148F5B7D00CDAD88 /* Build configuration list for PBXNativeTarget "NSURLProtocolVersionTests" */ = {
			isa = XCConfigurationList;
			buildConfigurations = (
				7D7277B6148F5B7D00CDAD88 /* Debug */,
				7D7277B7148F5B7D00CDAD88 /* Release */,
			);
			defaultConfigurationIsVisible = 0;
			defaultConfigurationName = Release;
		};
		7D7277F2148F5BC500CDAD88 /* Build configuration list for PBXNativeTarget "NSURLCacheVersion" */ = {
			isa = XCConfigurationList;
			buildConfigurations = (
				7D7277F3148F5BC500CDAD88 /* Debug */,
				7D7277F4148F5BC500CDAD88 /* Release */,
			);
			defaultConfigurationIsVisible = 0;
			defaultConfigurationName = Release;
		};
		7D7277F5148F5BC500CDAD88 /* Build configuration list for PBXNativeTarget "NSURLCacheVersionTests" */ = {
			isa = XCConfigurationList;
			buildConfigurations = (
				7D7277F6148F5BC500CDAD88 /* Debug */,
				7D7277F7148F5BC500CDAD88 /* Release */,
			);
			defaultConfigurationIsVisible = 0;
			defaultConfigurationName = Release;
		};
/* End XCConfigurationList section */
	};
	rootObject = 7D727776148F5B7D00CDAD88 /* Project object */;
}
